// !$*UTF8*$!
{
	archiveVersion = 1;
	classes = {
	};
	objectVersion = 50;
	objects = {

/* Begin PBXBuildFile section */
		AD53B2FF25506BFF0060E493 /* Response.swift in Sources */ = {isa = PBXBuildFile; fileRef = AD53B2FE25506BFF0060E493 /* Response.swift */; };
		ADAFA715254F2DB300583D54 /* AppDelegate.swift in Sources */ = {isa = PBXBuildFile; fileRef = ADAFA714254F2DB300583D54 /* AppDelegate.swift */; };
		ADAFA717254F2DB300583D54 /* SceneDelegate.swift in Sources */ = {isa = PBXBuildFile; fileRef = ADAFA716254F2DB300583D54 /* SceneDelegate.swift */; };
		ADAFA719254F2DB300583D54 /* ViewController.swift in Sources */ = {isa = PBXBuildFile; fileRef = ADAFA718254F2DB300583D54 /* ViewController.swift */; };
		ADAFA71C254F2DB300583D54 /* Main.storyboard in Resources */ = {isa = PBXBuildFile; fileRef = ADAFA71A254F2DB300583D54 /* Main.storyboard */; };
		ADAFA71E254F2DB700583D54 /* Assets.xcassets in Resources */ = {isa = PBXBuildFile; fileRef = ADAFA71D254F2DB700583D54 /* Assets.xcassets */; };
		ADAFA721254F2DB700583D54 /* LaunchScreen.storyboard in Resources */ = {isa = PBXBuildFile; fileRef = ADAFA71F254F2DB700583D54 /* LaunchScreen.storyboard */; };
		ADAFA72E254F2F8600583D54 /* Constants.swift in Sources */ = {isa = PBXBuildFile; fileRef = ADAFA72D254F2F8600583D54 /* Constants.swift */; };
		ADAFA731254F32C600583D54 /* Video.swift in Sources */ = {isa = PBXBuildFile; fileRef = ADAFA730254F32C600583D54 /* Video.swift */; };
		ADAFA734254F332C00583D54 /* Model.swift in Sources */ = {isa = PBXBuildFile; fileRef = ADAFA733254F332C00583D54 /* Model.swift */; };
/* End PBXBuildFile section */

/* Begin PBXFileReference section */
		AD53B2FE25506BFF0060E493 /* Response.swift */ = {isa = PBXFileReference; lastKnownFileType = sourcecode.swift; path = Response.swift; sourceTree = "<group>"; };
		ADAFA711254F2DB300583D54 /* youtube-oneDayBuild.app */ = {isa = PBXFileReference; explicitFileType = wrapper.application; includeInIndex = 0; path = "youtube-oneDayBuild.app"; sourceTree = BUILT_PRODUCTS_DIR; };
		ADAFA714254F2DB300583D54 /* AppDelegate.swift */ = {isa = PBXFileReference; lastKnownFileType = sourcecode.swift; path = AppDelegate.swift; sourceTree = "<group>"; };
		ADAFA716254F2DB300583D54 /* SceneDelegate.swift */ = {isa = PBXFileReference; lastKnownFileType = sourcecode.swift; path = SceneDelegate.swift; sourceTree = "<group>"; };
		ADAFA718254F2DB300583D54 /* ViewController.swift */ = {isa = PBXFileReference; lastKnownFileType = sourcecode.swift; path = ViewController.swift; sourceTree = "<group>"; };
		ADAFA71B254F2DB300583D54 /* Base */ = {isa = PBXFileReference; lastKnownFileType = file.storyboard; name = Base; path = Base.lproj/Main.storyboard; sourceTree = "<group>"; };
		ADAFA71D254F2DB700583D54 /* Assets.xcassets */ = {isa = PBXFileReference; lastKnownFileType = folder.assetcatalog; path = Assets.xcassets; sourceTree = "<group>"; };
		ADAFA720254F2DB700583D54 /* Base */ = {isa = PBXFileReference; lastKnownFileType = file.storyboard; name = Base; path = Base.lproj/LaunchScreen.storyboard; sourceTree = "<group>"; };
		ADAFA722254F2DB700583D54 /* Info.plist */ = {isa = PBXFileReference; lastKnownFileType = text.plist.xml; path = Info.plist; sourceTree = "<group>"; };
		ADAFA72D254F2F8600583D54 /* Constants.swift */ = {isa = PBXFileReference; lastKnownFileType = sourcecode.swift; path = Constants.swift; sourceTree = "<group>"; };
		ADAFA730254F32C600583D54 /* Video.swift */ = {isa = PBXFileReference; lastKnownFileType = sourcecode.swift; path = Video.swift; sourceTree = "<group>"; };
		ADAFA733254F332C00583D54 /* Model.swift */ = {isa = PBXFileReference; lastKnownFileType = sourcecode.swift; path = Model.swift; sourceTree = "<group>"; };
/* End PBXFileReference section */

/* Begin PBXFrameworksBuildPhase section */
		ADAFA70E254F2DB300583D54 /* Frameworks */ = {
			isa = PBXFrameworksBuildPhase;
			buildActionMask = 2147483647;
			files = (
			);
			runOnlyForDeploymentPostprocessing = 0;
		};
/* End PBXFrameworksBuildPhase section */

/* Begin PBXGroup section */
		ADAFA708254F2DB300583D54 = {
			isa = PBXGroup;
			children = (
				ADAFA713254F2DB300583D54 /* youtube-oneDayBuild */,
				ADAFA712254F2DB300583D54 /* Products */,
			);
			sourceTree = "<group>";
		};
		ADAFA712254F2DB300583D54 /* Products */ = {
			isa = PBXGroup;
			children = (
				ADAFA711254F2DB300583D54 /* youtube-oneDayBuild.app */,
			);
			name = Products;
			sourceTree = "<group>";
		};
		ADAFA713254F2DB300583D54 /* youtube-oneDayBuild */ = {
			isa = PBXGroup;
			children = (
				ADAFA714254F2DB300583D54 /* AppDelegate.swift */,
				ADAFA716254F2DB300583D54 /* SceneDelegate.swift */,
				ADAFA718254F2DB300583D54 /* ViewController.swift */,
				ADAFA71A254F2DB300583D54 /* Main.storyboard */,
				ADAFA71D254F2DB700583D54 /* Assets.xcassets */,
				ADAFA71F254F2DB700583D54 /* LaunchScreen.storyboard */,
				ADAFA722254F2DB700583D54 /* Info.plist */,
				ADAFA72D254F2F8600583D54 /* Constants.swift */,
				ADAFA730254F32C600583D54 /* Video.swift */,
				ADAFA733254F332C00583D54 /* Model.swift */,
				AD53B2FE25506BFF0060E493 /* Response.swift */,
			);
			path = "youtube-oneDayBuild";
			sourceTree = "<group>";
		};
/* End PBXGroup section */

/* Begin PBXNativeTarget section */
		ADAFA710254F2DB300583D54 /* youtube-oneDayBuild */ = {
			isa = PBXNativeTarget;
			buildConfigurationList = ADAFA725254F2DB700583D54 /* Build configuration list for PBXNativeTarget "youtube-oneDayBuild" */;
			buildPhases = (
				ADAFA70D254F2DB300583D54 /* Sources */,
				ADAFA70E254F2DB300583D54 /* Frameworks */,
				ADAFA70F254F2DB300583D54 /* Resources */,
			);
			buildRules = (
			);
			dependencies = (
			);
			name = "youtube-oneDayBuild";
			productName = "youtube-oneDayBuild";
			productReference = ADAFA711254F2DB300583D54 /* youtube-oneDayBuild.app */;
			productType = "com.apple.product-type.application";
		};
/* End PBXNativeTarget section */

/* Begin PBXProject section */
		ADAFA709254F2DB300583D54 /* Project object */ = {
			isa = PBXProject;
			attributes = {
				LastSwiftUpdateCheck = 1200;
				LastUpgradeCheck = 1200;
				TargetAttributes = {
					ADAFA710254F2DB300583D54 = {
						CreatedOnToolsVersion = 12.0.1;
					};
				};
			};
			buildConfigurationList = ADAFA70C254F2DB300583D54 /* Build configuration list for PBXProject "youtube-oneDayBuild" */;
			compatibilityVersion = "Xcode 9.3";
			developmentRegion = en;
			hasScannedForEncodings = 0;
			knownRegions = (
				en,
				Base,
			);
			mainGroup = ADAFA708254F2DB300583D54;
			productRefGroup = ADAFA712254F2DB300583D54 /* Products */;
			projectDirPath = "";
			projectRoot = "";
			targets = (
				ADAFA710254F2DB300583D54 /* youtube-oneDayBuild */,
			);
		};
/* End PBXProject section */

/* Begin PBXResourcesBuildPhase section */
		ADAFA70F254F2DB300583D54 /* Resources */ = {
			isa = PBXResourcesBuildPhase;
			buildActionMask = 2147483647;
			files = (
				ADAFA721254F2DB700583D54 /* LaunchScreen.storyboard in Resources */,
				ADAFA71E254F2DB700583D54 /* Assets.xcassets in Resources */,
				ADAFA71C254F2DB300583D54 /* Main.storyboard in Resources */,
			);
			runOnlyForDeploymentPostprocessing = 0;
		};
/* End PBXResourcesBuildPhase section */

/* Begin PBXSourcesBuildPhase section */
		ADAFA70D254F2DB300583D54 /* Sources */ = {
			isa = PBXSourcesBuildPhase;
			buildActionMask = 2147483647;
			files = (
				ADAFA719254F2DB300583D54 /* ViewController.swift in Sources */,
				ADAFA715254F2DB300583D54 /* AppDelegate.swift in Sources */,
				ADAFA717254F2DB300583D54 /* SceneDelegate.swift in Sources */,
				ADAFA734254F332C00583D54 /* Model.swift in Sources */,
				ADAFA72E254F2F8600583D54 /* Constants.swift in Sources */,
				ADAFA731254F32C600583D54 /* Video.swift in Sources */,
				AD53B2FF25506BFF0060E493 /* Response.swift in Sources */,
			);
			runOnlyForDeploymentPostprocessing = 0;
		};
/* End PBXSourcesBuildPhase section */

/* Begin PBXVariantGroup section */
		ADAFA71A254F2DB300583D54 /* Main.storyboard */ = {
			isa = PBXVariantGroup;
			children = (
				ADAFA71B254F2DB300583D54 /* Base */,
			);
			name = Main.storyboard;
			sourceTree = "<group>";
		};
		ADAFA71F254F2DB700583D54 /* LaunchScreen.storyboard */ = {
			isa = PBXVariantGroup;
			children = (
				ADAFA720254F2DB700583D54 /* Base */,
			);
			name = LaunchScreen.storyboard;
			sourceTree = "<group>";
		};
/* End PBXVariantGroup section */

/* Begin XCBuildConfiguration section */
		ADAFA723254F2DB700583D54 /* Debug */ = {
			isa = XCBuildConfiguration;
			buildSettings = {
				ALWAYS_SEARCH_USER_PATHS = NO;
				CLANG_ANALYZER_NONNULL = YES;
				CLANG_ANALYZER_NUMBER_OBJECT_CONVERSION = YES_AGGRESSIVE;
				CLANG_CXX_LANGUAGE_STANDARD = "gnu++14";
				CLANG_CXX_LIBRARY = "libc++";
				CLANG_ENABLE_MODULES = YES;
				CLANG_ENABLE_OBJC_ARC = YES;
				CLANG_ENABLE_OBJC_WEAK = YES;
				CLANG_WARN_BLOCK_CAPTURE_AUTORELEASING = YES;
				CLANG_WARN_BOOL_CONVERSION = YES;
				CLANG_WARN_COMMA = YES;
				CLANG_WARN_CONSTANT_CONVERSION = YES;
				CLANG_WARN_DEPRECATED_OBJC_IMPLEMENTATIONS = YES;
				CLANG_WARN_DIRECT_OBJC_ISA_USAGE = YES_ERROR;
				CLANG_WARN_DOCUMENTATION_COMMENTS = YES;
				CLANG_WARN_EMPTY_BODY = YES;
				CLANG_WARN_ENUM_CONVERSION = YES;
				CLANG_WARN_INFINITE_RECURSION = YES;
				CLANG_WARN_INT_CONVERSION = YES;
				CLANG_WARN_NON_LITERAL_NULL_CONVERSION = YES;
				CLANG_WARN_OBJC_IMPLICIT_RETAIN_SELF = YES;
				CLANG_WARN_OBJC_LITERAL_CONVERSION = YES;
				CLANG_WARN_OBJC_ROOT_CLASS = YES_ERROR;
				CLANG_WARN_QUOTED_INCLUDE_IN_FRAMEWORK_HEADER = YES;
				CLANG_WARN_RANGE_LOOP_ANALYSIS = YES;
				CLANG_WARN_STRICT_PROTOTYPES = YES;
				CLANG_WARN_SUSPICIOUS_MOVE = YES;
				CLANG_WARN_UNGUARDED_AVAILABILITY = YES_AGGRESSIVE;
				CLANG_WARN_UNREACHABLE_CODE = YES;
				CLANG_WARN__DUPLICATE_METHOD_MATCH = YES;
				COPY_PHASE_STRIP = NO;
				DEBUG_INFORMATION_FORMAT = dwarf;
				ENABLE_STRICT_OBJC_MSGSEND = YES;
				ENABLE_TESTABILITY = YES;
				GCC_C_LANGUAGE_STANDARD = gnu11;
				GCC_DYNAMIC_NO_PIC = NO;
				GCC_NO_COMMON_BLOCKS = YES;
				GCC_OPTIMIZATION_LEVEL = 0;
				GCC_PREPROCESSOR_DEFINITIONS = (
					"DEBUG=1",
					"$(inherited)",
				);
				GCC_WARN_64_TO_32_BIT_CONVERSION = YES;
				GCC_WARN_ABOUT_RETURN_TYPE = YES_ERROR;
				GCC_WARN_UNDECLARED_SELECTOR = YES;
				GCC_WARN_UNINITIALIZED_AUTOS = YES_AGGRESSIVE;
				GCC_WARN_UNUSED_FUNCTION = YES;
				GCC_WARN_UNUSED_VARIABLE = YES;
				IPHONEOS_DEPLOYMENT_TARGET = 14.0;
				MTL_ENABLE_DEBUG_INFO = INCLUDE_SOURCE;
				MTL_FAST_MATH = YES;
				ONLY_ACTIVE_ARCH = YES;
				SDKROOT = iphoneos;
				SWIFT_ACTIVE_COMPILATION_CONDITIONS = DEBUG;
				SWIFT_OPTIMIZATION_LEVEL = "-Onone";
			};
			name = Debug;
		};
		ADAFA724254F2DB700583D54 /* Release */ = {
			isa = XCBuildConfiguration;
			buildSettings = {
				ALWAYS_SEARCH_USER_PATHS = NO;
				CLANG_ANALYZER_NONNULL = YES;
				CLANG_ANALYZER_NUMBER_OBJECT_CONVERSION = YES_AGGRESSIVE;
				CLANG_CXX_LANGUAGE_STANDARD = "gnu++14";
				CLANG_CXX_LIBRARY = "libc++";
				CLANG_ENABLE_MODULES = YES;
				CLANG_ENABLE_OBJC_ARC = YES;
				CLANG_ENABLE_OBJC_WEAK = YES;
				CLANG_WARN_BLOCK_CAPTURE_AUTORELEASING = YES;
				CLANG_WARN_BOOL_CONVERSION = YES;
				CLANG_WARN_COMMA = YES;
				CLANG_WARN_CONSTANT_CONVERSION = YES;
				CLANG_WARN_DEPRECATED_OBJC_IMPLEMENTATIONS = YES;
				CLANG_WARN_DIRECT_OBJC_ISA_USAGE = YES_ERROR;
				CLANG_WARN_DOCUMENTATION_COMMENTS = YES;
				CLANG_WARN_EMPTY_BODY = YES;
				CLANG_WARN_ENUM_CONVERSION = YES;
				CLANG_WARN_INFINITE_RECURSION = YES;
				CLANG_WARN_INT_CONVERSION = YES;
				CLANG_WARN_NON_LITERAL_NULL_CONVERSION = YES;
				CLANG_WARN_OBJC_IMPLICIT_RETAIN_SELF = YES;
				CLANG_WARN_OBJC_LITERAL_CONVERSION = YES;
				CLANG_WARN_OBJC_ROOT_CLASS = YES_ERROR;
				CLANG_WARN_QUOTED_INCLUDE_IN_FRAMEWORK_HEADER = YES;
				CLANG_WARN_RANGE_LOOP_ANALYSIS = YES;
				CLANG_WARN_STRICT_PROTOTYPES = YES;
				CLANG_WARN_SUSPICIOUS_MOVE = YES;
				CLANG_WARN_UNGUARDED_AVAILABILITY = YES_AGGRESSIVE;
				CLANG_WARN_UNREACHABLE_CODE = YES;
				CLANG_WARN__DUPLICATE_METHOD_MATCH = YES;
				COPY_PHASE_STRIP = NO;
				DEBUG_INFORMATION_FORMAT = "dwarf-with-dsym";
				ENABLE_NS_ASSERTIONS = NO;
				ENABLE_STRICT_OBJC_MSGSEND = YES;
				GCC_C_LANGUAGE_STANDARD = gnu11;
				GCC_NO_COMMON_BLOCKS = YES;
				GCC_WARN_64_TO_32_BIT_CONVERSION = YES;
				GCC_WARN_ABOUT_RETURN_TYPE = YES_ERROR;
				GCC_WARN_UNDECLARED_SELECTOR = YES;
				GCC_WARN_UNINITIALIZED_AUTOS = YES_AGGRESSIVE;
				GCC_WARN_UNUSED_FUNCTION = YES;
				GCC_WARN_UNUSED_VARIABLE = YES;
				IPHONEOS_DEPLOYMENT_TARGET = 14.0;
				MTL_ENABLE_DEBUG_INFO = NO;
				MTL_FAST_MATH = YES;
				SDKROOT = iphoneos;
				SWIFT_COMPILATION_MODE = wholemodule;
				SWIFT_OPTIMIZATION_LEVEL = "-O";
				VALIDATE_PRODUCT = YES;
			};
			name = Release;
		};
		ADAFA726254F2DB700583D54 /* Debug */ = {
			isa = XCBuildConfiguration;
			buildSettings = {
				ASSETCATALOG_COMPILER_APPICON_NAME = AppIcon;
				ASSETCATALOG_COMPILER_GLOBAL_ACCENT_COLOR_NAME = AccentColor;
				CODE_SIGN_STYLE = Automatic;
				INFOPLIST_FILE = "youtube-oneDayBuild/Info.plist";
				LD_RUNPATH_SEARCH_PATHS = (
					"$(inherited)",
					"@executable_path/Frameworks",
				);
				PRODUCT_BUNDLE_IDENTIFIER = "com.mediadh.App.youtube-oneDayBuild";
				PRODUCT_NAME = "$(TARGET_NAME)";
				SWIFT_VERSION = 5.0;
				TARGETED_DEVICE_FAMILY = "1,2";
			};
			name = Debug;
		};
		ADAFA727254F2DB700583D54 /* Release */ = {
			isa = XCBuildConfiguration;
			buildSettings = {
				ASSETCATALOG_COMPILER_APPICON_NAME = AppIcon;
				ASSETCATALOG_COMPILER_GLOBAL_ACCENT_COLOR_NAME = AccentColor;
				CODE_SIGN_STYLE = Automatic;
				INFOPLIST_FILE = "youtube-oneDayBuild/Info.plist";
				LD_RUNPATH_SEARCH_PATHS = (
					"$(inherited)",
					"@executable_path/Frameworks",
				);
				PRODUCT_BUNDLE_IDENTIFIER = "com.mediadh.App.youtube-oneDayBuild";
				PRODUCT_NAME = "$(TARGET_NAME)";
				SWIFT_VERSION = 5.0;
				TARGETED_DEVICE_FAMILY = "1,2";
			};
			name = Release;
		};
/* End XCBuildConfiguration section */

/* Begin XCConfigurationList section */
		ADAFA70C254F2DB300583D54 /* Build configuration list for PBXProject "youtube-oneDayBuild" */ = {
			isa = XCConfigurationList;
			buildConfigurations = (
				ADAFA723254F2DB700583D54 /* Debug */,
				ADAFA724254F2DB700583D54 /* Release */,
			);
			defaultConfigurationIsVisible = 0;
			defaultConfigurationName = Release;
		};
		ADAFA725254F2DB700583D54 /* Build configuration list for PBXNativeTarget "youtube-oneDayBuild" */ = {
			isa = XCConfigurationList;
			buildConfigurations = (
				ADAFA726254F2DB700583D54 /* Debug */,
				ADAFA727254F2DB700583D54 /* Release */,
			);
			defaultConfigurationIsVisible = 0;
			defaultConfigurationName = Release;
		};
/* End XCConfigurationList section */
	};
	rootObject = ADAFA709254F2DB300583D54 /* Project object */;
}
